<Solution>
  <Project Path="FriendsCorner.Room.Tests/FriendsCorner.Room.Tests.csproj" />
  <Project Path="FriendsCorner.Room/FriendsCorner.Room.csproj" />
  <Project Path="FriendsCorner.Server/FriendsCorner.Server.csproj" />
  <Project Path="FriendsCorner.Storage/FriendsCorner.Storage.csproj" />
</Solution>
