<Solution>
  <Project Path="FriendsCorner.Api/FriendsCorner.Api.csproj" />
  <Project Path="FriendsCorner.Core/FriendsCorner.Core.csproj" />
  <Project Path="FriendsCorner.Infrastructure/FriendsCorner.Infrastructure.csproj" />
  <Project Path="FriendsCorner.Tests/FriendsCorner.Tests.csproj" />
</Solution>
